
Microsoft Visual Studio Solution File, Format Version 12.00
# Visual Studio 15
VisualStudioVersion = 15.0.28307.102
MinimumVisualStudioVersion = 10.0.40219.1
Project("{FAE04EC0-301F-11D3-BF4B-00C04F79EFBC}") = "Projet_Audit", "Projet_Audit\Projet_Audit.csproj", "{B206A137-7E16-4859-B9E4-98B8FCA8EE51}"
EndProject
Global
	GlobalSection(SolutionConfigurationPlatforms) = preSolution
		Debug|Any CPU = Debug|Any CPU
		Release|Any CPU = Release|Any CPU
	EndGlobalSection
	GlobalSection(ProjectConfigurationPlatforms) = postSolution
		{B206A137-7E16-4859-B9E4-98B8FCA8EE51}.Debug|Any CPU.ActiveCfg = Debug|Any CPU
		{B206A137-7E16-4859-B9E4-98B8FCA8EE51}.Debug|Any CPU.Build.0 = Debug|Any CPU
		{B206A137-7E16-4859-B9E4-98B8FCA8EE51}.Release|Any CPU.ActiveCfg = Release|Any CPU
		{B206A137-7E16-4859-B9E4-98B8FCA8EE51}.Release|Any CPU.Build.0 = Release|Any CPU
	EndGlobalSection
	GlobalSection(SolutionProperties) = preSolution
		HideSolutionNode = FALSE
	EndGlobalSection
	GlobalSection(ExtensibilityGlobals) = postSolution
		SolutionGuid = {F3C7D68A-60EF-4FA3-855D-FEE1C0629C15}
	EndGlobalSection
EndGlobal
